// !$*UTF8*$!
{
	archiveVersion = 1;
	classes = {
	};
	objectVersion = 46;
	objects = {

/* Begin PBXBuildFile section */
		9E17C5C9C86FFE81CB9A3E74 /* libPods-Checklists.a in Frameworks */ = {isa = PBXBuildFile; fileRef = FDBB63A7E633892DA33CC83A /* libPods-Checklists.a */; };
		AE076BE41C6386A00061F35A /* main.m in Sources */ = {isa = PBXBuildFile; fileRef = AE076BE31C6386A00061F35A /* main.m */; };
		AE076BE71C6386A00061F35A /* AppDelegate.m in Sources */ = {isa = PBXBuildFile; fileRef = AE076BE61C6386A00061F35A /* AppDelegate.m */; };
		AE076BEA1C6386A00061F35A /* ChecklistsViewController.m in Sources */ = {isa = PBXBuildFile; fileRef = AE076BE91C6386A00061F35A /* ChecklistsViewController.m */; };
		AE076BED1C6386A00061F35A /* Main.storyboard in Resources */ = {isa = PBXBuildFile; fileRef = AE076BEB1C6386A00061F35A /* Main.storyboard */; };
		AE076BEF1C6386A00061F35A /* Assets.xcassets in Resources */ = {isa = PBXBuildFile; fileRef = AE076BEE1C6386A00061F35A /* Assets.xcassets */; };
		AE076BF21C6386A00061F35A /* LaunchScreen.storyboard in Resources */ = {isa = PBXBuildFile; fileRef = AE076BF01C6386A00061F35A /* LaunchScreen.storyboard */; };
		AEBB41081C63930F0017B5FC /* ChecklistItem.m in Sources */ = {isa = PBXBuildFile; fileRef = AEBB41071C63930F0017B5FC /* ChecklistItem.m */; };
		AEE3A0551C705C7D000E4EEA /* ItemDetailViewController.m in Sources */ = {isa = PBXBuildFile; fileRef = AEE3A0541C705C7D000E4EEA /* ItemDetailViewController.m */; };
		AEE3A0581C7359B6000E4EEA /* AllListsViewController.m in Sources */ = {isa = PBXBuildFile; fileRef = AEE3A0571C7359B6000E4EEA /* AllListsViewController.m */; };
		AEE3A05B1C735CEC000E4EEA /* Checklist.m in Sources */ = {isa = PBXBuildFile; fileRef = AEE3A05A1C735CEC000E4EEA /* Checklist.m */; };
		AEE3A05E1C735FD4000E4EEA /* ListDetailViewController.m in Sources */ = {isa = PBXBuildFile; fileRef = AEE3A05D1C735FD4000E4EEA /* ListDetailViewController.m */; };
/* End PBXBuildFile section */

/* Begin PBXFileReference section */
		075968ABF3BA06B7729CFC8B /* Pods-Checklists.debug.xcconfig */ = {isa = PBXFileReference; includeInIndex = 1; lastKnownFileType = text.xcconfig; name = "Pods-Checklists.debug.xcconfig"; path = "Pods/Target Support Files/Pods-Checklists/Pods-Checklists.debug.xcconfig"; sourceTree = "<group>"; };
		AE076BDF1C6386A00061F35A /* Checklists.app */ = {isa = PBXFileReference; explicitFileType = wrapper.application; includeInIndex = 0; path = Checklists.app; sourceTree = BUILT_PRODUCTS_DIR; };
		AE076BE31C6386A00061F35A /* main.m */ = {isa = PBXFileReference; lastKnownFileType = sourcecode.c.objc; path = main.m; sourceTree = "<group>"; };
		AE076BE51C6386A00061F35A /* AppDelegate.h */ = {isa = PBXFileReference; lastKnownFileType = sourcecode.c.h; path = AppDelegate.h; sourceTree = "<group>"; };
		AE076BE61C6386A00061F35A /* AppDelegate.m */ = {isa = PBXFileReference; lastKnownFileType = sourcecode.c.objc; path = AppDelegate.m; sourceTree = "<group>"; };
		AE076BE81C6386A00061F35A /* ChecklistsViewController.h */ = {isa = PBXFileReference; lastKnownFileType = sourcecode.c.h; path = ChecklistsViewController.h; sourceTree = "<group>"; };
		AE076BE91C6386A00061F35A /* ChecklistsViewController.m */ = {isa = PBXFileReference; lastKnownFileType = sourcecode.c.objc; path = ChecklistsViewController.m; sourceTree = "<group>"; };
		AE076BEC1C6386A00061F35A /* Base */ = {isa = PBXFileReference; lastKnownFileType = file.storyboard; name = Base; path = Base.lproj/Main.storyboard; sourceTree = "<group>"; };
		AE076BEE1C6386A00061F35A /* Assets.xcassets */ = {isa = PBXFileReference; lastKnownFileType = folder.assetcatalog; path = Assets.xcassets; sourceTree = "<group>"; };
		AE076BF11C6386A00061F35A /* Base */ = {isa = PBXFileReference; lastKnownFileType = file.storyboard; name = Base; path = Base.lproj/LaunchScreen.storyboard; sourceTree = "<group>"; };
		AE076BF31C6386A00061F35A /* Info.plist */ = {isa = PBXFileReference; lastKnownFileType = text.plist.xml; path = Info.plist; sourceTree = "<group>"; };
		AEBB41061C63930F0017B5FC /* ChecklistItem.h */ = {isa = PBXFileReference; fileEncoding = 4; lastKnownFileType = sourcecode.c.h; path = ChecklistItem.h; sourceTree = "<group>"; };
		AEBB41071C63930F0017B5FC /* ChecklistItem.m */ = {isa = PBXFileReference; fileEncoding = 4; lastKnownFileType = sourcecode.c.objc; path = ChecklistItem.m; sourceTree = "<group>"; };
		AEE3A0531C705C7D000E4EEA /* ItemDetailViewController.h */ = {isa = PBXFileReference; fileEncoding = 4; lastKnownFileType = sourcecode.c.h; path = ItemDetailViewController.h; sourceTree = "<group>"; };
		AEE3A0541C705C7D000E4EEA /* ItemDetailViewController.m */ = {isa = PBXFileReference; fileEncoding = 4; lastKnownFileType = sourcecode.c.objc; path = ItemDetailViewController.m; sourceTree = "<group>"; };
		AEE3A0561C7359B6000E4EEA /* AllListsViewController.h */ = {isa = PBXFileReference; fileEncoding = 4; lastKnownFileType = sourcecode.c.h; path = AllListsViewController.h; sourceTree = "<group>"; };
		AEE3A0571C7359B6000E4EEA /* AllListsViewController.m */ = {isa = PBXFileReference; fileEncoding = 4; lastKnownFileType = sourcecode.c.objc; path = AllListsViewController.m; sourceTree = "<group>"; };
		AEE3A0591C735CEC000E4EEA /* Checklist.h */ = {isa = PBXFileReference; fileEncoding = 4; lastKnownFileType = sourcecode.c.h; path = Checklist.h; sourceTree = "<group>"; };
		AEE3A05A1C735CEC000E4EEA /* Checklist.m */ = {isa = PBXFileReference; fileEncoding = 4; lastKnownFileType = sourcecode.c.objc; path = Checklist.m; sourceTree = "<group>"; };
		AEE3A05C1C735FD4000E4EEA /* ListDetailViewController.h */ = {isa = PBXFileReference; fileEncoding = 4; lastKnownFileType = sourcecode.c.h; path = ListDetailViewController.h; sourceTree = "<group>"; };
		AEE3A05D1C735FD4000E4EEA /* ListDetailViewController.m */ = {isa = PBXFileReference; fileEncoding = 4; lastKnownFileType = sourcecode.c.objc; path = ListDetailViewController.m; sourceTree = "<group>"; };
		BD45F4DC11155C495ADF977F /* Pods-Checklists.release.xcconfig */ = {isa = PBXFileReference; includeInIndex = 1; lastKnownFileType = text.xcconfig; name = "Pods-Checklists.release.xcconfig"; path = "Pods/Target Support Files/Pods-Checklists/Pods-Checklists.release.xcconfig"; sourceTree = "<group>"; };
		FDBB63A7E633892DA33CC83A /* libPods-Checklists.a */ = {isa = PBXFileReference; explicitFileType = archive.ar; includeInIndex = 0; path = "libPods-Checklists.a"; sourceTree = BUILT_PRODUCTS_DIR; };
/* End PBXFileReference section */

/* Begin PBXFrameworksBuildPhase section */
		AE076BDC1C6386A00061F35A /* Frameworks */ = {
			isa = PBXFrameworksBuildPhase;
			buildActionMask = 2147483647;
			files = (
				9E17C5C9C86FFE81CB9A3E74 /* libPods-Checklists.a in Frameworks */,
			);
			runOnlyForDeploymentPostprocessing = 0;
		};
/* End PBXFrameworksBuildPhase section */

/* Begin PBXGroup section */
		072B1E54BDB6E63678CB5DF3 /* Pods */ = {
			isa = PBXGroup;
			children = (
				075968ABF3BA06B7729CFC8B /* Pods-Checklists.debug.xcconfig */,
				BD45F4DC11155C495ADF977F /* Pods-Checklists.release.xcconfig */,
			);
			name = Pods;
			sourceTree = "<group>";
		};
		0DA7A36B47D7F305876659B0 /* Frameworks */ = {
			isa = PBXGroup;
			children = (
				FDBB63A7E633892DA33CC83A /* libPods-Checklists.a */,
			);
			name = Frameworks;
			sourceTree = "<group>";
		};
		AE076BD61C6386A00061F35A = {
			isa = PBXGroup;
			children = (
				AE076BE11C6386A00061F35A /* Checklists */,
				AE076BE01C6386A00061F35A /* Products */,
				072B1E54BDB6E63678CB5DF3 /* Pods */,
				0DA7A36B47D7F305876659B0 /* Frameworks */,
			);
			sourceTree = "<group>";
		};
		AE076BE01C6386A00061F35A /* Products */ = {
			isa = PBXGroup;
			children = (
				AE076BDF1C6386A00061F35A /* Checklists.app */,
			);
			name = Products;
			sourceTree = "<group>";
		};
		AE076BE11C6386A00061F35A /* Checklists */ = {
			isa = PBXGroup;
			children = (
				AE93BFE31C7EACEB00D1B98C /* Controller */,
				AE93BFE21C7EACB300D1B98C /* Model */,
				AE076BE51C6386A00061F35A /* AppDelegate.h */,
				AE076BE61C6386A00061F35A /* AppDelegate.m */,
				AE076BEE1C6386A00061F35A /* Assets.xcassets */,
				AE076BF31C6386A00061F35A /* Info.plist */,
				AE076BF01C6386A00061F35A /* LaunchScreen.storyboard */,
				AE076BEB1C6386A00061F35A /* Main.storyboard */,
				AE076BE21C6386A00061F35A /* Supporting Files */,
			);
			path = Checklists;
			sourceTree = "<group>";
		};
		AE076BE21C6386A00061F35A /* Supporting Files */ = {
			isa = PBXGroup;
			children = (
				AE076BE31C6386A00061F35A /* main.m */,
			);
			name = "Supporting Files";
			sourceTree = "<group>";
		};
		AE93BFE21C7EACB300D1B98C /* Model */ = {
			isa = PBXGroup;
			children = (
				AEBB41061C63930F0017B5FC /* ChecklistItem.h */,
				AEBB41071C63930F0017B5FC /* ChecklistItem.m */,
				AEE3A0591C735CEC000E4EEA /* Checklist.h */,
				AEE3A05A1C735CEC000E4EEA /* Checklist.m */,
			);
			name = Model;
			sourceTree = "<group>";
		};
		AE93BFE31C7EACEB00D1B98C /* Controller */ = {
			isa = PBXGroup;
			children = (
				AEE3A0561C7359B6000E4EEA /* AllListsViewController.h */,
				AEE3A0571C7359B6000E4EEA /* AllListsViewController.m */,
				AE076BE81C6386A00061F35A /* ChecklistsViewController.h */,
				AE076BE91C6386A00061F35A /* ChecklistsViewController.m */,
				AEE3A0531C705C7D000E4EEA /* ItemDetailViewController.h */,
				AEE3A0541C705C7D000E4EEA /* ItemDetailViewController.m */,
				AEE3A05C1C735FD4000E4EEA /* ListDetailViewController.h */,
				AEE3A05D1C735FD4000E4EEA /* ListDetailViewController.m */,
			);
			name = Controller;
			sourceTree = "<group>";
		};
/* End PBXGroup section */

/* Begin PBXNativeTarget section */
		AE076BDE1C6386A00061F35A /* Checklists */ = {
			isa = PBXNativeTarget;
			buildConfigurationList = AE076BF61C6386A00061F35A /* Build configuration list for PBXNativeTarget "Checklists" */;
			buildPhases = (
				8C697A1A213B20614427979F /* Check Pods Manifest.lock */,
				AE076BDB1C6386A00061F35A /* Sources */,
				AE076BDC1C6386A00061F35A /* Frameworks */,
				AE076BDD1C6386A00061F35A /* Resources */,
				E3B8AAF7D806B190063B989A /* Embed Pods Frameworks */,
				DB8D32BC41BAC4AB7C8C5837 /* Copy Pods Resources */,
			);
			buildRules = (
			);
			dependencies = (
			);
			name = Checklists;
			productName = Checklists;
			productReference = AE076BDF1C6386A00061F35A /* Checklists.app */;
			productType = "com.apple.product-type.application";
		};
/* End PBXNativeTarget section */

/* Begin PBXProject section */
		AE076BD71C6386A00061F35A /* Project object */ = {
			isa = PBXProject;
			attributes = {
				LastUpgradeCheck = 0720;
				ORGANIZATIONNAME = Myzle;
				TargetAttributes = {
					AE076BDE1C6386A00061F35A = {
						CreatedOnToolsVersion = 7.2.1;
						DevelopmentTeam = J7LNUM7WLC;
					};
				};
			};
			buildConfigurationList = AE076BDA1C6386A00061F35A /* Build configuration list for PBXProject "Checklists" */;
			compatibilityVersion = "Xcode 3.2";
			developmentRegion = English;
			hasScannedForEncodings = 0;
			knownRegions = (
				en,
				Base,
			);
			mainGroup = AE076BD61C6386A00061F35A;
			productRefGroup = AE076BE01C6386A00061F35A /* Products */;
			projectDirPath = "";
			projectRoot = "";
			targets = (
				AE076BDE1C6386A00061F35A /* Checklists */,
			);
		};
/* End PBXProject section */

/* Begin PBXResourcesBuildPhase section */
		AE076BDD1C6386A00061F35A /* Resources */ = {
			isa = PBXResourcesBuildPhase;
			buildActionMask = 2147483647;
			files = (
				AE076BF21C6386A00061F35A /* LaunchScreen.storyboard in Resources */,
				AE076BEF1C6386A00061F35A /* Assets.xcassets in Resources */,
				AE076BED1C6386A00061F35A /* Main.storyboard in Resources */,
			);
			runOnlyForDeploymentPostprocessing = 0;
		};
/* End PBXResourcesBuildPhase section */

/* Begin PBXShellScriptBuildPhase section */
		8C697A1A213B20614427979F /* Check Pods Manifest.lock */ = {
			isa = PBXShellScriptBuildPhase;
			buildActionMask = 2147483647;
			files = (
			);
			inputPaths = (
			);
			name = "Check Pods Manifest.lock";
			outputPaths = (
			);
			runOnlyForDeploymentPostprocessing = 0;
			shellPath = /bin/sh;
			shellScript = "diff \"${PODS_ROOT}/../Podfile.lock\" \"${PODS_ROOT}/Manifest.lock\" > /dev/null\nif [[ $? != 0 ]] ; then\n    cat << EOM\nerror: The sandbox is not in sync with the Podfile.lock. Run 'pod install' or update your CocoaPods installation.\nEOM\n    exit 1\nfi\n";
			showEnvVarsInLog = 0;
		};
		DB8D32BC41BAC4AB7C8C5837 /* Copy Pods Resources */ = {
			isa = PBXShellScriptBuildPhase;
			buildActionMask = 2147483647;
			files = (
			);
			inputPaths = (
			);
			name = "Copy Pods Resources";
			outputPaths = (
			);
			runOnlyForDeploymentPostprocessing = 0;
			shellPath = /bin/sh;
			shellScript = "\"${SRCROOT}/Pods/Target Support Files/Pods-Checklists/Pods-Checklists-resources.sh\"\n";
			showEnvVarsInLog = 0;
		};
		E3B8AAF7D806B190063B989A /* Embed Pods Frameworks */ = {
			isa = PBXShellScriptBuildPhase;
			buildActionMask = 2147483647;
			files = (
			);
			inputPaths = (
			);
			name = "Embed Pods Frameworks";
			outputPaths = (
			);
			runOnlyForDeploymentPostprocessing = 0;
			shellPath = /bin/sh;
			shellScript = "\"${SRCROOT}/Pods/Target Support Files/Pods-Checklists/Pods-Checklists-frameworks.sh\"\n";
			showEnvVarsInLog = 0;
		};
/* End PBXShellScriptBuildPhase section */

/* Begin PBXSourcesBuildPhase section */
		AE076BDB1C6386A00061F35A /* Sources */ = {
			isa = PBXSourcesBuildPhase;
			buildActionMask = 2147483647;
			files = (
				AE076BEA1C6386A00061F35A /* ChecklistsViewController.m in Sources */,
				AE076BE71C6386A00061F35A /* AppDelegate.m in Sources */,
				AEE3A0581C7359B6000E4EEA /* AllListsViewController.m in Sources */,
				AEE3A05E1C735FD4000E4EEA /* ListDetailViewController.m in Sources */,
				AE076BE41C6386A00061F35A /* main.m in Sources */,
				AEE3A0551C705C7D000E4EEA /* ItemDetailViewController.m in Sources */,
				AEBB41081C63930F0017B5FC /* ChecklistItem.m in Sources */,
				AEE3A05B1C735CEC000E4EEA /* Checklist.m in Sources */,
			);
			runOnlyForDeploymentPostprocessing = 0;
		};
/* End PBXSourcesBuildPhase section */

/* Begin PBXVariantGroup section */
		AE076BEB1C6386A00061F35A /* Main.storyboard */ = {
			isa = PBXVariantGroup;
			children = (
				AE076BEC1C6386A00061F35A /* Base */,
			);
			name = Main.storyboard;
			sourceTree = "<group>";
		};
		AE076BF01C6386A00061F35A /* LaunchScreen.storyboard */ = {
			isa = PBXVariantGroup;
			children = (
				AE076BF11C6386A00061F35A /* Base */,
			);
			name = LaunchScreen.storyboard;
			sourceTree = "<group>";
		};
/* End PBXVariantGroup section */

/* Begin XCBuildConfiguration section */
		AE076BF41C6386A00061F35A /* Debug */ = {
			isa = XCBuildConfiguration;
			buildSettings = {
				ALWAYS_SEARCH_USER_PATHS = NO;
				CLANG_CXX_LANGUAGE_STANDARD = "gnu++0x";
				CLANG_CXX_LIBRARY = "libc++";
				CLANG_ENABLE_MODULES = YES;
				CLANG_ENABLE_OBJC_ARC = YES;
				CLANG_WARN_BOOL_CONVERSION = YES;
				CLANG_WARN_CONSTANT_CONVERSION = YES;
				CLANG_WARN_DIRECT_OBJC_ISA_USAGE = YES_ERROR;
				CLANG_WARN_EMPTY_BODY = YES;
				CLANG_WARN_ENUM_CONVERSION = YES;
				CLANG_WARN_INT_CONVERSION = YES;
				CLANG_WARN_OBJC_ROOT_CLASS = YES_ERROR;
				CLANG_WARN_UNREACHABLE_CODE = YES;
				CLANG_WARN__DUPLICATE_METHOD_MATCH = YES;
				"CODE_SIGN_IDENTITY[sdk=iphoneos*]" = "iPhone Developer";
				COPY_PHASE_STRIP = NO;
				DEBUG_INFORMATION_FORMAT = dwarf;
				ENABLE_STRICT_OBJC_MSGSEND = YES;
				ENABLE_TESTABILITY = YES;
				GCC_C_LANGUAGE_STANDARD = gnu99;
				GCC_DYNAMIC_NO_PIC = NO;
				GCC_NO_COMMON_BLOCKS = YES;
				GCC_OPTIMIZATION_LEVEL = 0;
				GCC_PREPROCESSOR_DEFINITIONS = (
					"DEBUG=1",
					"$(inherited)",
				);
				GCC_WARN_64_TO_32_BIT_CONVERSION = YES;
				GCC_WARN_ABOUT_RETURN_TYPE = YES_ERROR;
				GCC_WARN_UNDECLARED_SELECTOR = YES;
				GCC_WARN_UNINITIALIZED_AUTOS = YES_AGGRESSIVE;
				GCC_WARN_UNUSED_FUNCTION = YES;
				GCC_WARN_UNUSED_VARIABLE = YES;
				IPHONEOS_DEPLOYMENT_TARGET = 9.2;
				MTL_ENABLE_DEBUG_INFO = YES;
				ONLY_ACTIVE_ARCH = YES;
				SDKROOT = iphoneos;
			};
			name = Debug;
		};
		AE076BF51C6386A00061F35A /* Release */ = {
			isa = XCBuildConfiguration;
			buildSettings = {
				ALWAYS_SEARCH_USER_PATHS = NO;
				CLANG_CXX_LANGUAGE_STANDARD = "gnu++0x";
				CLANG_CXX_LIBRARY = "libc++";
				CLANG_ENABLE_MODULES = YES;
				CLANG_ENABLE_OBJC_ARC = YES;
				CLANG_WARN_BOOL_CONVERSION = YES;
				CLANG_WARN_CONSTANT_CONVERSION = YES;
				CLANG_WARN_DIRECT_OBJC_ISA_USAGE = YES_ERROR;
				CLANG_WARN_EMPTY_BODY = YES;
				CLANG_WARN_ENUM_CONVERSION = YES;
				CLANG_WARN_INT_CONVERSION = YES;
				CLANG_WARN_OBJC_ROOT_CLASS = YES_ERROR;
				CLANG_WARN_UNREACHABLE_CODE = YES;
				CLANG_WARN__DUPLICATE_METHOD_MATCH = YES;
				"CODE_SIGN_IDENTITY[sdk=iphoneos*]" = "iPhone Developer";
				COPY_PHASE_STRIP = NO;
				DEBUG_INFORMATION_FORMAT = "dwarf-with-dsym";
				ENABLE_NS_ASSERTIONS = NO;
				ENABLE_STRICT_OBJC_MSGSEND = YES;
				GCC_C_LANGUAGE_STANDARD = gnu99;
				GCC_NO_COMMON_BLOCKS = YES;
				GCC_WARN_64_TO_32_BIT_CONVERSION = YES;
				GCC_WARN_ABOUT_RETURN_TYPE = YES_ERROR;
				GCC_WARN_UNDECLARED_SELECTOR = YES;
				GCC_WARN_UNINITIALIZED_AUTOS = YES_AGGRESSIVE;
				GCC_WARN_UNUSED_FUNCTION = YES;
				GCC_WARN_UNUSED_VARIABLE = YES;
				IPHONEOS_DEPLOYMENT_TARGET = 9.2;
				MTL_ENABLE_DEBUG_INFO = NO;
				SDKROOT = iphoneos;
				VALIDATE_PRODUCT = YES;
			};
			name = Release;
		};
		AE076BF71C6386A00061F35A /* Debug */ = {
			isa = XCBuildConfiguration;
			baseConfigurationReference = 075968ABF3BA06B7729CFC8B /* Pods-Checklists.debug.xcconfig */;
			buildSettings = {
				ASSETCATALOG_COMPILER_APPICON_NAME = AppIcon;
				INFOPLIST_FILE = Checklists/Info.plist;
				LD_RUNPATH_SEARCH_PATHS = "$(inherited) @executable_path/Frameworks";
				PRODUCT_BUNDLE_IDENTIFIER = myzle.github.io.Checklists;
				PRODUCT_NAME = "$(TARGET_NAME)";
			};
			name = Debug;
		};
		AE076BF81C6386A00061F35A /* Release */ = {
			isa = XCBuildConfiguration;
			baseConfigurationReference = BD45F4DC11155C495ADF977F /* Pods-Checklists.release.xcconfig */;
			buildSettings = {
				ASSETCATALOG_COMPILER_APPICON_NAME = AppIcon;
				INFOPLIST_FILE = Checklists/Info.plist;
				LD_RUNPATH_SEARCH_PATHS = "$(inherited) @executable_path/Frameworks";
				PRODUCT_BUNDLE_IDENTIFIER = myzle.github.io.Checklists;
				PRODUCT_NAME = "$(TARGET_NAME)";
			};
			name = Release;
		};
/* End XCBuildConfiguration section */

/* Begin XCConfigurationList section */
		AE076BDA1C6386A00061F35A /* Build configuration list for PBXProject "Checklists" */ = {
			isa = XCConfigurationList;
			buildConfigurations = (
				AE076BF41C6386A00061F35A /* Debug */,
				AE076BF51C6386A00061F35A /* Release */,
			);
			defaultConfigurationIsVisible = 0;
			defaultConfigurationName = Release;
		};
		AE076BF61C6386A00061F35A /* Build configuration list for PBXNativeTarget "Checklists" */ = {
			isa = XCConfigurationList;
			buildConfigurations = (
				AE076BF71C6386A00061F35A /* Debug */,
				AE076BF81C6386A00061F35A /* Release */,
			);
			defaultConfigurationIsVisible = 0;
			defaultConfigurationName = Release;
		};
/* End XCConfigurationList section */
	};
	rootObject = AE076BD71C6386A00061F35A /* Project object */;
}
